
Microsoft Visual Studio Solution File, Format Version 12.00
# Visual Studio Version 17
VisualStudioVersion = 17.0.31903.59
MinimumVisualStudioVersion = 10.0.40219.1
Project("{FAE04EC0-301F-11D3-BF4B-00C04F79EFBC}") = "dotnet-unknown", "dotnet-unknown\dotnet-unknown.csproj", "{19B04025-AECD-4E45-A286-0EF0B2B010E4}"
EndProject
Project("{FAE04EC0-301F-11D3-BF4B-00C04F79EFBC}") = "CSharpBasic", "CSharpBasic\CSharpBasic.csproj", "{3AADB69F-E50A-47E6-A122-78949604401F}"
EndProject
Global
	GlobalSection(SolutionConfigurationPlatforms) = preSolution
		Debug|Any CPU = Debug|Any CPU
		Debug|x64 = Debug|x64
		Debug|x86 = Debug|x86
		Release|Any CPU = Release|Any CPU
		Release|x64 = Release|x64
		Release|x86 = Release|x86
	EndGlobalSection
	GlobalSection(ProjectConfigurationPlatforms) = postSolution
		{19B04025-AECD-4E45-A286-0EF0B2B010E4}.Debug|Any CPU.ActiveCfg = Debug|Any CPU
		{19B04025-AECD-4E45-A286-0EF0B2B010E4}.Debug|Any CPU.Build.0 = Debug|Any CPU
		{19B04025-AECD-4E45-A286-0EF0B2B010E4}.Debug|x64.ActiveCfg = Debug|Any CPU
		{19B04025-AECD-4E45-A286-0EF0B2B010E4}.Debug|x64.Build.0 = Debug|Any CPU
		{19B04025-AECD-4E45-A286-0EF0B2B010E4}.Debug|x86.ActiveCfg = Debug|Any CPU
		{19B04025-AECD-4E45-A286-0EF0B2B010E4}.Debug|x86.Build.0 = Debug|Any CPU
		{19B04025-AECD-4E45-A286-0EF0B2B010E4}.Release|Any CPU.ActiveCfg = Release|Any CPU
		{19B04025-AECD-4E45-A286-0EF0B2B010E4}.Release|Any CPU.Build.0 = Release|Any CPU
		{19B04025-AECD-4E45-A286-0EF0B2B010E4}.Release|x64.ActiveCfg = Release|Any CPU
		{19B04025-AECD-4E45-A286-0EF0B2B010E4}.Release|x64.Build.0 = Release|Any CPU
		{19B04025-AECD-4E45-A286-0EF0B2B010E4}.Release|x86.ActiveCfg = Release|Any CPU
		{19B04025-AECD-4E45-A286-0EF0B2B010E4}.Release|x86.Build.0 = Release|Any CPU
		{3AADB69F-E50A-47E6-A122-78949604401F}.Debug|Any CPU.ActiveCfg = Debug|Any CPU
		{3AADB69F-E50A-47E6-A122-78949604401F}.Debug|Any CPU.Build.0 = Debug|Any CPU
		{3AADB69F-E50A-47E6-A122-78949604401F}.Debug|x64.ActiveCfg = Debug|Any CPU
		{3AADB69F-E50A-47E6-A122-78949604401F}.Debug|x64.Build.0 = Debug|Any CPU
		{3AADB69F-E50A-47E6-A122-78949604401F}.Debug|x86.ActiveCfg = Debug|Any CPU
		{3AADB69F-E50A-47E6-A122-78949604401F}.Debug|x86.Build.0 = Debug|Any CPU
		{3AADB69F-E50A-47E6-A122-78949604401F}.Release|Any CPU.ActiveCfg = Release|Any CPU
		{3AADB69F-E50A-47E6-A122-78949604401F}.Release|Any CPU.Build.0 = Release|Any CPU
		{3AADB69F-E50A-47E6-A122-78949604401F}.Release|x64.ActiveCfg = Release|Any CPU
		{3AADB69F-E50A-47E6-A122-78949604401F}.Release|x64.Build.0 = Release|Any CPU
		{3AADB69F-E50A-47E6-A122-78949604401F}.Release|x86.ActiveCfg = Release|Any CPU
		{3AADB69F-E50A-47E6-A122-78949604401F}.Release|x86.Build.0 = Release|Any CPU
	EndGlobalSection
	GlobalSection(SolutionProperties) = preSolution
		HideSolutionNode = FALSE
	EndGlobalSection
EndGlobal
